
Microsoft Visual Studio Solution File, Format Version 12.00
# Visual Studio Version 17
VisualStudioVersion = 17.12.35514.174
MinimumVisualStudioVersion = 10.0.40219.1
Project("{FAE04EC0-301F-11D3-BF4B-00C04F79EFBC}") = "MacroNutrientCalculator", "MacroNutrientCalculator\MacroNutrientCalculator.csproj", "{0F0526CB-D318-4849-92A8-CD75AFD5AE04}"
EndProject
Global
	GlobalSection(SolutionConfigurationPlatforms) = preSolution
		Debug|Any CPU = Debug|Any CPU
		Release|Any CPU = Release|Any CPU
	EndGlobalSection
	GlobalSection(ProjectConfigurationPlatforms) = postSolution
		{0F0526CB-D318-4849-92A8-CD75AFD5AE04}.Debug|Any CPU.ActiveCfg = Debug|Any CPU
		{0F0526CB-D318-4849-92A8-CD75AFD5AE04}.Debug|Any CPU.Build.0 = Debug|Any CPU
		{0F0526CB-D318-4849-92A8-CD75AFD5AE04}.Release|Any CPU.ActiveCfg = Release|Any CPU
		{0F0526CB-D318-4849-92A8-CD75AFD5AE04}.Release|Any CPU.Build.0 = Release|Any CPU
	EndGlobalSection
	GlobalSection(SolutionProperties) = preSolution
		HideSolutionNode = FALSE
	EndGlobalSection
	GlobalSection(ExtensibilityGlobals) = postSolution
		SolutionGuid = {03C04C41-AF46-4E38-9DD9-528FB10C231B}
	EndGlobalSection
EndGlobal
